
Microsoft Visual Studio Solution File, Format Version 12.00
# Visual Studio Version 17
VisualStudioVersion = 17.11.35327.3
MinimumVisualStudioVersion = 10.0.40219.1
Project("{FAE04EC0-301F-11D3-BF4B-00C04F79EFBC}") = "TripWebAPI", "TripWebAPI\TripWebAPI.csproj", "{1DA8D305-B3D2-4BFC-9E50-A03036AAE151}"
EndProject
Project("{FAE04EC0-301F-11D3-BF4B-00C04F79EFBC}") = "TripWebUtils", "TripWebUtils\TripWebUtils.csproj", "{6AC3EA96-7DF2-43FE-A379-83F8C75CD478}"
EndProject
Project("{FAE04EC0-301F-11D3-BF4B-00C04F79EFBC}") = "TripWebService", "TripWebService\TripWebService.csproj", "{C3765B10-8FA8-483B-92AD-28E10669D58D}"
EndProject
Project("{FAE04EC0-301F-11D3-BF4B-00C04F79EFBC}") = "TripWebData", "TripWebModels\TripWebData.csproj", "{67059DCC-6806-4804-B9EB-A1F878594763}"
EndProject
Global
	GlobalSection(SolutionConfigurationPlatforms) = preSolution
		Debug|Any CPU = Debug|Any CPU
		Release|Any CPU = Release|Any CPU
	EndGlobalSection
	GlobalSection(ProjectConfigurationPlatforms) = postSolution
		{1DA8D305-B3D2-4BFC-9E50-A03036AAE151}.Debug|Any CPU.ActiveCfg = Debug|Any CPU
		{1DA8D305-B3D2-4BFC-9E50-A03036AAE151}.Debug|Any CPU.Build.0 = Debug|Any CPU
		{1DA8D305-B3D2-4BFC-9E50-A03036AAE151}.Release|Any CPU.ActiveCfg = Release|Any CPU
		{1DA8D305-B3D2-4BFC-9E50-A03036AAE151}.Release|Any CPU.Build.0 = Release|Any CPU
		{6AC3EA96-7DF2-43FE-A379-83F8C75CD478}.Debug|Any CPU.ActiveCfg = Debug|Any CPU
		{6AC3EA96-7DF2-43FE-A379-83F8C75CD478}.Debug|Any CPU.Build.0 = Debug|Any CPU
		{6AC3EA96-7DF2-43FE-A379-83F8C75CD478}.Release|Any CPU.ActiveCfg = Release|Any CPU
		{6AC3EA96-7DF2-43FE-A379-83F8C75CD478}.Release|Any CPU.Build.0 = Release|Any CPU
		{C3765B10-8FA8-483B-92AD-28E10669D58D}.Debug|Any CPU.ActiveCfg = Debug|Any CPU
		{C3765B10-8FA8-483B-92AD-28E10669D58D}.Debug|Any CPU.Build.0 = Debug|Any CPU
		{C3765B10-8FA8-483B-92AD-28E10669D58D}.Release|Any CPU.ActiveCfg = Release|Any CPU
		{C3765B10-8FA8-483B-92AD-28E10669D58D}.Release|Any CPU.Build.0 = Release|Any CPU
		{67059DCC-6806-4804-B9EB-A1F878594763}.Debug|Any CPU.ActiveCfg = Debug|Any CPU
		{67059DCC-6806-4804-B9EB-A1F878594763}.Debug|Any CPU.Build.0 = Debug|Any CPU
		{67059DCC-6806-4804-B9EB-A1F878594763}.Release|Any CPU.ActiveCfg = Release|Any CPU
		{67059DCC-6806-4804-B9EB-A1F878594763}.Release|Any CPU.Build.0 = Release|Any CPU
	EndGlobalSection
	GlobalSection(SolutionProperties) = preSolution
		HideSolutionNode = FALSE
	EndGlobalSection
	GlobalSection(ExtensibilityGlobals) = postSolution
		SolutionGuid = {A2387EE6-B95F-4BAC-85C7-807FDBC49344}
	EndGlobalSection
EndGlobal
